{
  "name": "catsu_chatbot-master",
  "lockfileVersion": 3,
  "requires": true,
  "packages": {
    "": {
      "dependencies": {
        "@selectize/selectize": "^0.15.2",
        "bootstrap": "^5.3.2",
        "bootstrap-icons": "^1.11.1",
        "datatables.net-dt": "^1.13.6",
        "jquery": "^3.7.1",
        "sweetalert2": "^11.7.32"
      }
    },
    "node_modules/@popperjs/core": {
      "version": "2.11.8",
      "resolved": "https://registry.npmjs.org/@popperjs/core/-/core-2.11.8.tgz",
      "integrity": "sha512-P1st0aksCrn9sGZhp8GMYwBnQsbvAWsZAX44oXNNvLHGqAOcoVxmjZiohstwQ7SqKnbR47akdNi+uleWD8+g6A==",
      "peer": true,
      "funding": {
        "type": "opencollective",
        "url": "https://opencollective.com/popperjs"
      }
    },
    "node_modules/@selectize/selectize": {
      "version": "0.15.2",
      "resolved": "https://registry.npmjs.org/@selectize/selectize/-/selectize-0.15.2.tgz",
      "integrity": "sha512-gY+yzYfrVTc+1ekCAaEtDvN59+upbibFzhkePyyk6PwOXT6kEb05azGA91/w3C/71lUOHPyd3nzLnfyfuRi+pA==",
      "engines": {
        "node": "*"
      },
      "optionalDependencies": {
        "jquery-ui": "^1.13.2"
      },
      "peerDependencies": {
        "jquery": "^1.7.0 || ^2 || ^3"
      }
    },
    "node_modules/bootstrap": {
      "version": "5.3.2",
      "resolved": "https://registry.npmjs.org/bootstrap/-/bootstrap-5.3.2.tgz",
      "integrity": "sha512-D32nmNWiQHo94BKHLmOrdjlL05q1c8oxbtBphQFb9Z5to6eGRDCm0QgeaZ4zFBHzfg2++rqa2JkqCcxDy0sH0g==",
      "funding": [
        {
          "type": "github",
          "url": "https://github.com/sponsors/twbs"
        },
        {
          "type": "opencollective",
          "url": "https://opencollective.com/bootstrap"
        }
      ],
      "peerDependencies": {
        "@popperjs/core": "^2.11.8"
      }
    },
    "node_modules/bootstrap-icons": {
      "version": "1.11.1",
      "resolved": "https://registry.npmjs.org/bootstrap-icons/-/bootstrap-icons-1.11.1.tgz",
      "integrity": "sha512-F0DDp7nKUX+x/QtpfRZ+XHFya60ng9nfdpdS59vDDfs4Uhuxp7zym/QavMsu/xx51txkoM9eVmpE7D08N35blw==",
      "funding": [
        {
          "type": "github",
          "url": "https://github.com/sponsors/twbs"
        },
        {
          "type": "opencollective",
          "url": "https://opencollective.com/bootstrap"
        }
      ]
    },
    "node_modules/datatables.net": {
      "version": "1.13.6",
      "resolved": "https://registry.npmjs.org/datatables.net/-/datatables.net-1.13.6.tgz",
      "integrity": "sha512-rHNcnW+yEP9me82/KmRcid5eKrqPqW3+I/p1TwqCW3c/7GRYYkDyF6aJQOQ9DNS/pw+nyr4BVpjyJ3yoZXiFPg==",
      "dependencies": {
        "jquery": ">=1.7"
      }
    },
    "node_modules/datatables.net-dt": {
      "version": "1.13.6",
      "resolved": "https://registry.npmjs.org/datatables.net-dt/-/datatables.net-dt-1.13.6.tgz",
      "integrity": "sha512-0fBsUi8k5e+x5e+xA/Eb5stFr2PIkHgDnbhZs8ZDLvzzL975lCm6sqBAcsTsXKvF7yuBvaDTVBTF4wOMw7PrYw==",
      "dependencies": {
        "datatables.net": ">=1.13.4",
        "jquery": ">=1.7"
      }
    },
    "node_modules/jquery": {
      "version": "3.7.1",
      "resolved": "https://registry.npmjs.org/jquery/-/jquery-3.7.1.tgz",
      "integrity": "sha512-m4avr8yL8kmFN8psrbFFFmB/If14iN5o9nw/NgnnM+kybDJpRsAynV2BsfpTYrTRysYUdADVD7CkUUizgkpLfg=="
    },
    "node_modules/jquery-ui": {
      "version": "1.13.2",
      "resolved": "https://registry.npmjs.org/jquery-ui/-/jquery-ui-1.13.2.tgz",
      "integrity": "sha512-wBZPnqWs5GaYJmo1Jj0k/mrSkzdQzKDwhXNtHKcBdAcKVxMM3KNYFq+iJ2i1rwiG53Z8M4mTn3Qxrm17uH1D4Q==",
      "optional": true,
      "dependencies": {
        "jquery": ">=1.8.0 <4.0.0"
      }
    },
    "node_modules/sweetalert2": {
      "version": "11.7.32",
      "resolved": "https://registry.npmjs.org/sweetalert2/-/sweetalert2-11.7.32.tgz",
      "integrity": "sha512-44tNNe2oLe7T94mT6dus4hc9G7qg6jZU/K5qZzpNS6e5HGPrSF6Kie6oZ7B5puIJydB34V2h/8f5EhIFivYo4A==",
      "funding": {
        "type": "individual",
        "url": "https://github.com/sponsors/limonte"
      }
    }
  }
}
